
Microsoft Visual Studio Solution File, Format Version 12.00
# Visual Studio 2013
VisualStudioVersion = 12.0.40629.0
MinimumVisualStudioVersion = 10.0.40219.1
Project("{FAE04EC0-301F-11D3-BF4B-00C04F79EFBC}") = "MyComponents", "MyComponents\MyComponents\MyComponents.csproj", "{F14005BC-EC54-48B6-95EB-AACA384A41E8}"
EndProject
Project("{FAE04EC0-301F-11D3-BF4B-00C04F79EFBC}") = "MyComponents.iOS", "MyComponents\MyComponents.iOS\MyComponents.iOS.csproj", "{F0A02446-8E6C-4648-A6BF-D8BBEC9E78AB}"
EndProject
Project("{FAE04EC0-301F-11D3-BF4B-00C04F79EFBC}") = "MyComponents.Droid", "MyComponents\MyComponents.Droid\MyComponents.Droid.csproj", "{FD8AD7B5-C9D5-420B-B371-DC268417BAC6}"
EndProject
Project("{FAE04EC0-301F-11D3-BF4B-00C04F79EFBC}") = "MyComponents.WinPhone", "MyComponents\MyComponents.WinPhone\MyComponents.WinPhone.csproj", "{1CBED53B-3A40-457F-A5E4-5AAA902EFEEF}"
EndProject
Global
	GlobalSection(SolutionConfigurationPlatforms) = preSolution
		Ad-Hoc|Any CPU = Ad-Hoc|Any CPU
		Ad-Hoc|ARM = Ad-Hoc|ARM
		Ad-Hoc|iPhone = Ad-Hoc|iPhone
		Ad-Hoc|iPhoneSimulator = Ad-Hoc|iPhoneSimulator
		Ad-Hoc|Mixed Platforms = Ad-Hoc|Mixed Platforms
		Ad-Hoc|x86 = Ad-Hoc|x86
		AppStore|Any CPU = AppStore|Any CPU
		AppStore|ARM = AppStore|ARM
		AppStore|iPhone = AppStore|iPhone
		AppStore|iPhoneSimulator = AppStore|iPhoneSimulator
		AppStore|Mixed Platforms = AppStore|Mixed Platforms
		AppStore|x86 = AppStore|x86
		Debug|Any CPU = Debug|Any CPU
		Debug|ARM = Debug|ARM
		Debug|iPhone = Debug|iPhone
		Debug|iPhoneSimulator = Debug|iPhoneSimulator
		Debug|Mixed Platforms = Debug|Mixed Platforms
		Debug|x86 = Debug|x86
		Release|Any CPU = Release|Any CPU
		Release|ARM = Release|ARM
		Release|iPhone = Release|iPhone
		Release|iPhoneSimulator = Release|iPhoneSimulator
		Release|Mixed Platforms = Release|Mixed Platforms
		Release|x86 = Release|x86
	EndGlobalSection
	GlobalSection(ProjectConfigurationPlatforms) = postSolution
		{F14005BC-EC54-48B6-95EB-AACA384A41E8}.Ad-Hoc|Any CPU.ActiveCfg = Release|Any CPU
		{F14005BC-EC54-48B6-95EB-AACA384A41E8}.Ad-Hoc|Any CPU.Build.0 = Release|Any CPU
		{F14005BC-EC54-48B6-95EB-AACA384A41E8}.Ad-Hoc|ARM.ActiveCfg = Release|Any CPU
		{F14005BC-EC54-48B6-95EB-AACA384A41E8}.Ad-Hoc|iPhone.ActiveCfg = Release|Any CPU
		{F14005BC-EC54-48B6-95EB-AACA384A41E8}.Ad-Hoc|iPhoneSimulator.ActiveCfg = Release|Any CPU
		{F14005BC-EC54-48B6-95EB-AACA384A41E8}.Ad-Hoc|Mixed Platforms.ActiveCfg = Release|Any CPU
		{F14005BC-EC54-48B6-95EB-AACA384A41E8}.Ad-Hoc|Mixed Platforms.Build.0 = Release|Any CPU
		{F14005BC-EC54-48B6-95EB-AACA384A41E8}.Ad-Hoc|x86.ActiveCfg = Release|Any CPU
		{F14005BC-EC54-48B6-95EB-AACA384A41E8}.AppStore|Any CPU.ActiveCfg = Release|Any CPU
		{F14005BC-EC54-48B6-95EB-AACA384A41E8}.AppStore|Any CPU.Build.0 = Release|Any CPU
		{F14005BC-EC54-48B6-95EB-AACA384A41E8}.AppStore|ARM.ActiveCfg = Release|Any CPU
		{F14005BC-EC54-48B6-95EB-AACA384A41E8}.AppStore|iPhone.ActiveCfg = Release|Any CPU
		{F14005BC-EC54-48B6-95EB-AACA384A41E8}.AppStore|iPhoneSimulator.ActiveCfg = Release|Any CPU
		{F14005BC-EC54-48B6-95EB-AACA384A41E8}.AppStore|Mixed Platforms.ActiveCfg = Release|Any CPU
		{F14005BC-EC54-48B6-95EB-AACA384A41E8}.AppStore|Mixed Platforms.Build.0 = Release|Any CPU
		{F14005BC-EC54-48B6-95EB-AACA384A41E8}.AppStore|x86.ActiveCfg = Release|Any CPU
		{F14005BC-EC54-48B6-95EB-AACA384A41E8}.Debug|Any CPU.ActiveCfg = Debug|Any CPU
		{F14005BC-EC54-48B6-95EB-AACA384A41E8}.Debug|Any CPU.Build.0 = Debug|Any CPU
		{F14005BC-EC54-48B6-95EB-AACA384A41E8}.Debug|ARM.ActiveCfg = Debug|Any CPU
		{F14005BC-EC54-48B6-95EB-AACA384A41E8}.Debug|iPhone.ActiveCfg = Debug|Any CPU
		{F14005BC-EC54-48B6-95EB-AACA384A41E8}.Debug|iPhoneSimulator.ActiveCfg = Debug|Any CPU
		{F14005BC-EC54-48B6-95EB-AACA384A41E8}.Debug|Mixed Platforms.ActiveCfg = Debug|Any CPU
		{F14005BC-EC54-48B6-95EB-AACA384A41E8}.Debug|Mixed Platforms.Build.0 = Debug|Any CPU
		{F14005BC-EC54-48B6-95EB-AACA384A41E8}.Debug|x86.ActiveCfg = Debug|Any CPU
		{F14005BC-EC54-48B6-95EB-AACA384A41E8}.Release|Any CPU.ActiveCfg = Release|Any CPU
		{F14005BC-EC54-48B6-95EB-AACA384A41E8}.Release|Any CPU.Build.0 = Release|Any CPU
		{F14005BC-EC54-48B6-95EB-AACA384A41E8}.Release|ARM.ActiveCfg = Release|Any CPU
		{F14005BC-EC54-48B6-95EB-AACA384A41E8}.Release|iPhone.ActiveCfg = Release|Any CPU
		{F14005BC-EC54-48B6-95EB-AACA384A41E8}.Release|iPhoneSimulator.ActiveCfg = Release|Any CPU
		{F14005BC-EC54-48B6-95EB-AACA384A41E8}.Release|Mixed Platforms.ActiveCfg = Release|Any CPU
		{F14005BC-EC54-48B6-95EB-AACA384A41E8}.Release|Mixed Platforms.Build.0 = Release|Any CPU
		{F14005BC-EC54-48B6-95EB-AACA384A41E8}.Release|x86.ActiveCfg = Release|Any CPU
		{F0A02446-8E6C-4648-A6BF-D8BBEC9E78AB}.Ad-Hoc|Any CPU.ActiveCfg = Ad-Hoc|iPhone
		{F0A02446-8E6C-4648-A6BF-D8BBEC9E78AB}.Ad-Hoc|ARM.ActiveCfg = Ad-Hoc|iPhone
		{F0A02446-8E6C-4648-A6BF-D8BBEC9E78AB}.Ad-Hoc|iPhone.ActiveCfg = Ad-Hoc|iPhone
		{F0A02446-8E6C-4648-A6BF-D8BBEC9E78AB}.Ad-Hoc|iPhone.Build.0 = Ad-Hoc|iPhone
		{F0A02446-8E6C-4648-A6BF-D8BBEC9E78AB}.Ad-Hoc|iPhoneSimulator.ActiveCfg = Ad-Hoc|iPhoneSimulator
		{F0A02446-8E6C-4648-A6BF-D8BBEC9E78AB}.Ad-Hoc|iPhoneSimulator.Build.0 = Ad-Hoc|iPhoneSimulator
		{F0A02446-8E6C-4648-A6BF-D8BBEC9E78AB}.Ad-Hoc|Mixed Platforms.ActiveCfg = Ad-Hoc|iPhone
		{F0A02446-8E6C-4648-A6BF-D8BBEC9E78AB}.Ad-Hoc|Mixed Platforms.Build.0 = Ad-Hoc|iPhone
		{F0A02446-8E6C-4648-A6BF-D8BBEC9E78AB}.Ad-Hoc|x86.ActiveCfg = Ad-Hoc|iPhone
		{F0A02446-8E6C-4648-A6BF-D8BBEC9E78AB}.AppStore|Any CPU.ActiveCfg = AppStore|iPhone
		{F0A02446-8E6C-4648-A6BF-D8BBEC9E78AB}.AppStore|ARM.ActiveCfg = AppStore|iPhone
		{F0A02446-8E6C-4648-A6BF-D8BBEC9E78AB}.AppStore|iPhone.ActiveCfg = AppStore|iPhone
		{F0A02446-8E6C-4648-A6BF-D8BBEC9E78AB}.AppStore|iPhone.Build.0 = AppStore|iPhone
		{F0A02446-8E6C-4648-A6BF-D8BBEC9E78AB}.AppStore|iPhoneSimulator.ActiveCfg = AppStore|iPhoneSimulator
		{F0A02446-8E6C-4648-A6BF-D8BBEC9E78AB}.AppStore|iPhoneSimulator.Build.0 = AppStore|iPhoneSimulator
		{F0A02446-8E6C-4648-A6BF-D8BBEC9E78AB}.AppStore|Mixed Platforms.ActiveCfg = AppStore|iPhone
		{F0A02446-8E6C-4648-A6BF-D8BBEC9E78AB}.AppStore|Mixed Platforms.Build.0 = AppStore|iPhone
		{F0A02446-8E6C-4648-A6BF-D8BBEC9E78AB}.AppStore|x86.ActiveCfg = AppStore|iPhone
		{F0A02446-8E6C-4648-A6BF-D8BBEC9E78AB}.Debug|Any CPU.ActiveCfg = Debug|iPhone
		{F0A02446-8E6C-4648-A6BF-D8BBEC9E78AB}.Debug|ARM.ActiveCfg = Debug|iPhone
		{F0A02446-8E6C-4648-A6BF-D8BBEC9E78AB}.Debug|iPhone.ActiveCfg = Debug|iPhone
		{F0A02446-8E6C-4648-A6BF-D8BBEC9E78AB}.Debug|iPhone.Build.0 = Debug|iPhone
		{F0A02446-8E6C-4648-A6BF-D8BBEC9E78AB}.Debug|iPhoneSimulator.ActiveCfg = Debug|iPhoneSimulator
		{F0A02446-8E6C-4648-A6BF-D8BBEC9E78AB}.Debug|iPhoneSimulator.Build.0 = Debug|iPhoneSimulator
		{F0A02446-8E6C-4648-A6BF-D8BBEC9E78AB}.Debug|Mixed Platforms.ActiveCfg = Debug|iPhone
		{F0A02446-8E6C-4648-A6BF-D8BBEC9E78AB}.Debug|Mixed Platforms.Build.0 = Debug|iPhone
		{F0A02446-8E6C-4648-A6BF-D8BBEC9E78AB}.Debug|x86.ActiveCfg = Debug|iPhone
		{F0A02446-8E6C-4648-A6BF-D8BBEC9E78AB}.Release|Any CPU.ActiveCfg = Release|iPhone
		{F0A02446-8E6C-4648-A6BF-D8BBEC9E78AB}.Release|ARM.ActiveCfg = Release|iPhone
		{F0A02446-8E6C-4648-A6BF-D8BBEC9E78AB}.Release|iPhone.ActiveCfg = Release|iPhone
		{F0A02446-8E6C-4648-A6BF-D8BBEC9E78AB}.Release|iPhone.Build.0 = Release|iPhone
		{F0A02446-8E6C-4648-A6BF-D8BBEC9E78AB}.Release|iPhoneSimulator.ActiveCfg = Release|iPhoneSimulator
		{F0A02446-8E6C-4648-A6BF-D8BBEC9E78AB}.Release|iPhoneSimulator.Build.0 = Release|iPhoneSimulator
		{F0A02446-8E6C-4648-A6BF-D8BBEC9E78AB}.Release|Mixed Platforms.ActiveCfg = Release|iPhone
		{F0A02446-8E6C-4648-A6BF-D8BBEC9E78AB}.Release|Mixed Platforms.Build.0 = Release|iPhone
		{F0A02446-8E6C-4648-A6BF-D8BBEC9E78AB}.Release|x86.ActiveCfg = Release|iPhone
		{FD8AD7B5-C9D5-420B-B371-DC268417BAC6}.Ad-Hoc|Any CPU.ActiveCfg = Release|Any CPU
		{FD8AD7B5-C9D5-420B-B371-DC268417BAC6}.Ad-Hoc|Any CPU.Build.0 = Release|Any CPU
		{FD8AD7B5-C9D5-420B-B371-DC268417BAC6}.Ad-Hoc|Any CPU.Deploy.0 = Release|Any CPU
		{FD8AD7B5-C9D5-420B-B371-DC268417BAC6}.Ad-Hoc|ARM.ActiveCfg = Release|Any CPU
		{FD8AD7B5-C9D5-420B-B371-DC268417BAC6}.Ad-Hoc|iPhone.ActiveCfg = Release|Any CPU
		{FD8AD7B5-C9D5-420B-B371-DC268417BAC6}.Ad-Hoc|iPhoneSimulator.ActiveCfg = Release|Any CPU
		{FD8AD7B5-C9D5-420B-B371-DC268417BAC6}.Ad-Hoc|Mixed Platforms.ActiveCfg = Release|Any CPU
		{FD8AD7B5-C9D5-420B-B371-DC268417BAC6}.Ad-Hoc|Mixed Platforms.Build.0 = Release|Any CPU
		{FD8AD7B5-C9D5-420B-B371-DC268417BAC6}.Ad-Hoc|Mixed Platforms.Deploy.0 = Release|Any CPU
		{FD8AD7B5-C9D5-420B-B371-DC268417BAC6}.Ad-Hoc|x86.ActiveCfg = Release|Any CPU
		{FD8AD7B5-C9D5-420B-B371-DC268417BAC6}.AppStore|Any CPU.ActiveCfg = Release|Any CPU
		{FD8AD7B5-C9D5-420B-B371-DC268417BAC6}.AppStore|Any CPU.Build.0 = Release|Any CPU
		{FD8AD7B5-C9D5-420B-B371-DC268417BAC6}.AppStore|Any CPU.Deploy.0 = Release|Any CPU
		{FD8AD7B5-C9D5-420B-B371-DC268417BAC6}.AppStore|ARM.ActiveCfg = Release|Any CPU
		{FD8AD7B5-C9D5-420B-B371-DC268417BAC6}.AppStore|iPhone.ActiveCfg = Release|Any CPU
		{FD8AD7B5-C9D5-420B-B371-DC268417BAC6}.AppStore|iPhoneSimulator.ActiveCfg = Release|Any CPU
		{FD8AD7B5-C9D5-420B-B371-DC268417BAC6}.AppStore|Mixed Platforms.ActiveCfg = Release|Any CPU
		{FD8AD7B5-C9D5-420B-B371-DC268417BAC6}.AppStore|Mixed Platforms.Build.0 = Release|Any CPU
		{FD8AD7B5-C9D5-420B-B371-DC268417BAC6}.AppStore|Mixed Platforms.Deploy.0 = Release|Any CPU
		{FD8AD7B5-C9D5-420B-B371-DC268417BAC6}.AppStore|x86.ActiveCfg = Release|Any CPU
		{FD8AD7B5-C9D5-420B-B371-DC268417BAC6}.Debug|Any CPU.ActiveCfg = Debug|Any CPU
		{FD8AD7B5-C9D5-420B-B371-DC268417BAC6}.Debug|Any CPU.Build.0 = Debug|Any CPU
		{FD8AD7B5-C9D5-420B-B371-DC268417BAC6}.Debug|Any CPU.Deploy.0 = Debug|Any CPU
		{FD8AD7B5-C9D5-420B-B371-DC268417BAC6}.Debug|ARM.ActiveCfg = Debug|Any CPU
		{FD8AD7B5-C9D5-420B-B371-DC268417BAC6}.Debug|iPhone.ActiveCfg = Debug|Any CPU
		{FD8AD7B5-C9D5-420B-B371-DC268417BAC6}.Debug|iPhoneSimulator.ActiveCfg = Debug|Any CPU
		{FD8AD7B5-C9D5-420B-B371-DC268417BAC6}.Debug|Mixed Platforms.ActiveCfg = Debug|Any CPU
		{FD8AD7B5-C9D5-420B-B371-DC268417BAC6}.Debug|Mixed Platforms.Build.0 = Debug|Any CPU
		{FD8AD7B5-C9D5-420B-B371-DC268417BAC6}.Debug|Mixed Platforms.Deploy.0 = Debug|Any CPU
		{FD8AD7B5-C9D5-420B-B371-DC268417BAC6}.Debug|x86.ActiveCfg = Debug|Any CPU
		{FD8AD7B5-C9D5-420B-B371-DC268417BAC6}.Release|Any CPU.ActiveCfg = Release|Any CPU
		{FD8AD7B5-C9D5-420B-B371-DC268417BAC6}.Release|Any CPU.Build.0 = Release|Any CPU
		{FD8AD7B5-C9D5-420B-B371-DC268417BAC6}.Release|Any CPU.Deploy.0 = Release|Any CPU
		{FD8AD7B5-C9D5-420B-B371-DC268417BAC6}.Release|ARM.ActiveCfg = Release|Any CPU
		{FD8AD7B5-C9D5-420B-B371-DC268417BAC6}.Release|iPhone.ActiveCfg = Release|Any CPU
		{FD8AD7B5-C9D5-420B-B371-DC268417BAC6}.Release|iPhoneSimulator.ActiveCfg = Release|Any CPU
		{FD8AD7B5-C9D5-420B-B371-DC268417BAC6}.Release|Mixed Platforms.ActiveCfg = Release|Any CPU
		{FD8AD7B5-C9D5-420B-B371-DC268417BAC6}.Release|Mixed Platforms.Build.0 = Release|Any CPU
		{FD8AD7B5-C9D5-420B-B371-DC268417BAC6}.Release|Mixed Platforms.Deploy.0 = Release|Any CPU
		{FD8AD7B5-C9D5-420B-B371-DC268417BAC6}.Release|x86.ActiveCfg = Release|Any CPU
		{1CBED53B-3A40-457F-A5E4-5AAA902EFEEF}.Ad-Hoc|Any CPU.ActiveCfg = Release|Any CPU
		{1CBED53B-3A40-457F-A5E4-5AAA902EFEEF}.Ad-Hoc|Any CPU.Build.0 = Release|Any CPU
		{1CBED53B-3A40-457F-A5E4-5AAA902EFEEF}.Ad-Hoc|Any CPU.Deploy.0 = Release|Any CPU
		{1CBED53B-3A40-457F-A5E4-5AAA902EFEEF}.Ad-Hoc|ARM.ActiveCfg = Release|ARM
		{1CBED53B-3A40-457F-A5E4-5AAA902EFEEF}.Ad-Hoc|ARM.Build.0 = Release|ARM
		{1CBED53B-3A40-457F-A5E4-5AAA902EFEEF}.Ad-Hoc|ARM.Deploy.0 = Release|ARM
		{1CBED53B-3A40-457F-A5E4-5AAA902EFEEF}.Ad-Hoc|iPhone.ActiveCfg = Release|Any CPU
		{1CBED53B-3A40-457F-A5E4-5AAA902EFEEF}.Ad-Hoc|iPhoneSimulator.ActiveCfg = Release|Any CPU
		{1CBED53B-3A40-457F-A5E4-5AAA902EFEEF}.Ad-Hoc|Mixed Platforms.ActiveCfg = Release|x86
		{1CBED53B-3A40-457F-A5E4-5AAA902EFEEF}.Ad-Hoc|Mixed Platforms.Build.0 = Release|x86
		{1CBED53B-3A40-457F-A5E4-5AAA902EFEEF}.Ad-Hoc|Mixed Platforms.Deploy.0 = Release|x86
		{1CBED53B-3A40-457F-A5E4-5AAA902EFEEF}.Ad-Hoc|x86.ActiveCfg = Release|x86
		{1CBED53B-3A40-457F-A5E4-5AAA902EFEEF}.Ad-Hoc|x86.Build.0 = Release|x86
		{1CBED53B-3A40-457F-A5E4-5AAA902EFEEF}.Ad-Hoc|x86.Deploy.0 = Release|x86
		{1CBED53B-3A40-457F-A5E4-5AAA902EFEEF}.AppStore|Any CPU.ActiveCfg = Release|Any CPU
		{1CBED53B-3A40-457F-A5E4-5AAA902EFEEF}.AppStore|Any CPU.Build.0 = Release|Any CPU
		{1CBED53B-3A40-457F-A5E4-5AAA902EFEEF}.AppStore|Any CPU.Deploy.0 = Release|Any CPU
		{1CBED53B-3A40-457F-A5E4-5AAA902EFEEF}.AppStore|ARM.ActiveCfg = Release|ARM
		{1CBED53B-3A40-457F-A5E4-5AAA902EFEEF}.AppStore|ARM.Build.0 = Release|ARM
		{1CBED53B-3A40-457F-A5E4-5AAA902EFEEF}.AppStore|ARM.Deploy.0 = Release|ARM
		{1CBED53B-3A40-457F-A5E4-5AAA902EFEEF}.AppStore|iPhone.ActiveCfg = Release|Any CPU
		{1CBED53B-3A40-457F-A5E4-5AAA902EFEEF}.AppStore|iPhoneSimulator.ActiveCfg = Release|Any CPU
		{1CBED53B-3A40-457F-A5E4-5AAA902EFEEF}.AppStore|Mixed Platforms.ActiveCfg = Release|x86
		{1CBED53B-3A40-457F-A5E4-5AAA902EFEEF}.AppStore|Mixed Platforms.Build.0 = Release|x86
		{1CBED53B-3A40-457F-A5E4-5AAA902EFEEF}.AppStore|Mixed Platforms.Deploy.0 = Release|x86
		{1CBED53B-3A40-457F-A5E4-5AAA902EFEEF}.AppStore|x86.ActiveCfg = Release|x86
		{1CBED53B-3A40-457F-A5E4-5AAA902EFEEF}.AppStore|x86.Build.0 = Release|x86
		{1CBED53B-3A40-457F-A5E4-5AAA902EFEEF}.AppStore|x86.Deploy.0 = Release|x86
		{1CBED53B-3A40-457F-A5E4-5AAA902EFEEF}.Debug|Any CPU.ActiveCfg = Debug|Any CPU
		{1CBED53B-3A40-457F-A5E4-5AAA902EFEEF}.Debug|Any CPU.Build.0 = Debug|Any CPU
		{1CBED53B-3A40-457F-A5E4-5AAA902EFEEF}.Debug|Any CPU.Deploy.0 = Debug|Any CPU
		{1CBED53B-3A40-457F-A5E4-5AAA902EFEEF}.Debug|ARM.ActiveCfg = Debug|ARM
		{1CBED53B-3A40-457F-A5E4-5AAA902EFEEF}.Debug|ARM.Build.0 = Debug|ARM
		{1CBED53B-3A40-457F-A5E4-5AAA902EFEEF}.Debug|ARM.Deploy.0 = Debug|ARM
		{1CBED53B-3A40-457F-A5E4-5AAA902EFEEF}.Debug|iPhone.ActiveCfg = Debug|Any CPU
		{1CBED53B-3A40-457F-A5E4-5AAA902EFEEF}.Debug|iPhoneSimulator.ActiveCfg = Debug|Any CPU
		{1CBED53B-3A40-457F-A5E4-5AAA902EFEEF}.Debug|Mixed Platforms.ActiveCfg = Debug|x86
		{1CBED53B-3A40-457F-A5E4-5AAA902EFEEF}.Debug|Mixed Platforms.Build.0 = Debug|x86
		{1CBED53B-3A40-457F-A5E4-5AAA902EFEEF}.Debug|Mixed Platforms.Deploy.0 = Debug|x86
		{1CBED53B-3A40-457F-A5E4-5AAA902EFEEF}.Debug|x86.ActiveCfg = Debug|x86
		{1CBED53B-3A40-457F-A5E4-5AAA902EFEEF}.Debug|x86.Build.0 = Debug|x86
		{1CBED53B-3A40-457F-A5E4-5AAA902EFEEF}.Debug|x86.Deploy.0 = Debug|x86
		{1CBED53B-3A40-457F-A5E4-5AAA902EFEEF}.Release|Any CPU.ActiveCfg = Release|Any CPU
		{1CBED53B-3A40-457F-A5E4-5AAA902EFEEF}.Release|Any CPU.Build.0 = Release|Any CPU
		{1CBED53B-3A40-457F-A5E4-5AAA902EFEEF}.Release|Any CPU.Deploy.0 = Release|Any CPU
		{1CBED53B-3A40-457F-A5E4-5AAA902EFEEF}.Release|ARM.ActiveCfg = Release|ARM
		{1CBED53B-3A40-457F-A5E4-5AAA902EFEEF}.Release|ARM.Build.0 = Release|ARM
		{1CBED53B-3A40-457F-A5E4-5AAA902EFEEF}.Release|ARM.Deploy.0 = Release|ARM
		{1CBED53B-3A40-457F-A5E4-5AAA902EFEEF}.Release|iPhone.ActiveCfg = Release|Any CPU
		{1CBED53B-3A40-457F-A5E4-5AAA902EFEEF}.Release|iPhoneSimulator.ActiveCfg = Release|Any CPU
		{1CBED53B-3A40-457F-A5E4-5AAA902EFEEF}.Release|Mixed Platforms.ActiveCfg = Release|x86
		{1CBED53B-3A40-457F-A5E4-5AAA902EFEEF}.Release|Mixed Platforms.Build.0 = Release|x86
		{1CBED53B-3A40-457F-A5E4-5AAA902EFEEF}.Release|Mixed Platforms.Deploy.0 = Release|x86
		{1CBED53B-3A40-457F-A5E4-5AAA902EFEEF}.Release|x86.ActiveCfg = Release|x86
		{1CBED53B-3A40-457F-A5E4-5AAA902EFEEF}.Release|x86.Build.0 = Release|x86
		{1CBED53B-3A40-457F-A5E4-5AAA902EFEEF}.Release|x86.Deploy.0 = Release|x86
	EndGlobalSection
	GlobalSection(SolutionProperties) = preSolution
		HideSolutionNode = FALSE
	EndGlobalSection
EndGlobal
